
Microsoft Visual Studio Solution File, Format Version 12.00
# Visual Studio Version 16
VisualStudioVersion = 16.0.30413.136
MinimumVisualStudioVersion = 10.0.40219.1
Project("{9A19103F-16F7-4668-BE54-9A1E7A4F7556}") = "AvaloniaSample", "AvaloniaSample.csproj", "{850DD54A-CA3E-4AC1-99A1-FF2E948F661E}"
EndProject
Global
	GlobalSection(SolutionConfigurationPlatforms) = preSolution
		Debug|Any CPU = Debug|Any CPU
		Release|Any CPU = Release|Any CPU
	EndGlobalSection
	GlobalSection(ProjectConfigurationPlatforms) = postSolution
		{850DD54A-CA3E-4AC1-99A1-FF2E948F661E}.Debug|Any CPU.ActiveCfg = Debug|Any CPU
		{850DD54A-CA3E-4AC1-99A1-FF2E948F661E}.Debug|Any CPU.Build.0 = Debug|Any CPU
		{850DD54A-CA3E-4AC1-99A1-FF2E948F661E}.Release|Any CPU.ActiveCfg = Release|Any CPU
		{850DD54A-CA3E-4AC1-99A1-FF2E948F661E}.Release|Any CPU.Build.0 = Release|Any CPU
	EndGlobalSection
	GlobalSection(SolutionProperties) = preSolution
		HideSolutionNode = FALSE
	EndGlobalSection
	GlobalSection(ExtensibilityGlobals) = postSolution
		SolutionGuid = {FCC9ABCA-6725-43D3-96E3-2D978397A6D4}
	EndGlobalSection
EndGlobal
